
Microsoft Visual Studio Solution File, Format Version 12.00
# Visual Studio Version 16
VisualStudioVersion = 16.0.33927.289
MinimumVisualStudioVersion = 10.0.40219.1
Project("{2150E333-8FDC-42A3-9474-1A3956D46DE8}") = "Task0", "Task0", "{A2162FA1-75C9-499B-AF64-004E911647DF}"
EndProject
Project("{FAE04EC0-301F-11D3-BF4B-00C04F79EFBC}") = "Tyuiu.PozhdinAA.Sprint2.Task0.V26", "Tyuiu.PozhdinAA.Sprint2.Task0.V26\Tyuiu.PozhdinAA.Sprint2.Task0.V26.csproj", "{0CF70062-677C-466F-9D4D-7643F625301F}"
EndProject
Project("{FAE04EC0-301F-11D3-BF4B-00C04F79EFBC}") = "Tyuiu.PozhdinAA.Sprint2.Task0.V26.Lib", "Tyuiu.PozhdinAA.Sprint2.Task0.V26.Lib\Tyuiu.PozhdinAA.Sprint2.Task0.V26.Lib.csproj", "{7828F9A9-16DA-420E-B15A-F0C7664F6D3F}"
EndProject
Project("{FAE04EC0-301F-11D3-BF4B-00C04F79EFBC}") = "Tyuiu.PozhdinAA.Sprint2.Task0.V26.Test", "Tyuiu.PozhdinAA.Sprint2.Task0.V26.Test\Tyuiu.PozhdinAA.Sprint2.Task0.V26.Test.csproj", "{9AB41965-F847-4200-84B4-F38E306C69B1}"
EndProject
Project("{2150E333-8FDC-42A3-9474-1A3956D46DE8}") = "Task1", "Task1", "{E871E617-4F0A-443B-98C1-BCE0037CFC07}"
EndProject
Project("{FAE04EC0-301F-11D3-BF4B-00C04F79EFBC}") = "Tyuiu.PozhdinAA.Sprint2.Task1.V28", "Tyuiu.PozhdinAA.Sprint2.Task1.V28\Tyuiu.PozhdinAA.Sprint2.Task1.V28.csproj", "{146AB584-122E-44D2-816C-7CB1599B0DCE}"
EndProject
Project("{FAE04EC0-301F-11D3-BF4B-00C04F79EFBC}") = "Tyuiu.PozhdinAA.Sprint2.Task1.V28.Lib", "Tyuiu.PozhdinAA.Sprint2.Task1.V28.Lib\Tyuiu.PozhdinAA.Sprint2.Task1.V28.Lib.csproj", "{ED1D6DEA-3E4C-4A4F-A551-9124292401D7}"
EndProject
Project("{FAE04EC0-301F-11D3-BF4B-00C04F79EFBC}") = "Tyuiu.PozhdinAA.Sprint2.Task1.V28.Test", "Tyuiu.PozhdinAA.Sprint2.Task1.V28.Test\Tyuiu.PozhdinAA.Sprint2.Task1.V28.Test.csproj", "{1F31DE0C-322B-406B-9402-278269C6FBED}"
EndProject
Project("{2150E333-8FDC-42A3-9474-1A3956D46DE8}") = "Task2", "Task2", "{B669FC0C-ECD1-41C6-BBF8-956125E4A85A}"
EndProject
Project("{FAE04EC0-301F-11D3-BF4B-00C04F79EFBC}") = "Tyuiu.PozhdinAA.Sprint2.Task2.V27", "Tyuiu.PozhdinAA.Sprint2.Task2.V27\Tyuiu.PozhdinAA.Sprint2.Task2.V27.csproj", "{2075E3F1-C59B-4ABD-9190-C4714BCD0682}"
EndProject
Project("{FAE04EC0-301F-11D3-BF4B-00C04F79EFBC}") = "Tyuiu.PozhdinAA.Sprint2.Task2.V27.Test", "Tyuiu.PozhdinAA.Sprint2.Task2.V27.Test\Tyuiu.PozhdinAA.Sprint2.Task2.V27.Test.csproj", "{B1F49D63-B9BF-44CA-9C9A-A663E3A161AD}"
EndProject
Project("{FAE04EC0-301F-11D3-BF4B-00C04F79EFBC}") = "Tyuiu.PozhdinAA.Sprint2.Task2.V27.Lib", "Tyuiu.PozhdinAA.Sprint2.Task2.V27.Lib\Tyuiu.PozhdinAA.Sprint2.Task2.V27.Lib.csproj", "{7DED57BC-818A-4C7B-88A8-66DCAFEE268D}"
EndProject
Project("{2150E333-8FDC-42A3-9474-1A3956D46DE8}") = "Task3", "Task3", "{08D59403-58F0-4CED-AD41-F7C0856B5CAF}"
EndProject
Project("{FAE04EC0-301F-11D3-BF4B-00C04F79EFBC}") = "Tyuiu.PozhdinAA.Sprint2.Task3.V25", "Tyuiu.PozhdinAA.Sprint2.Task3.V25\Tyuiu.PozhdinAA.Sprint2.Task3.V25.csproj", "{4AA8EE4C-5489-42FA-975F-2D82B3A9B3E3}"
EndProject
Project("{FAE04EC0-301F-11D3-BF4B-00C04F79EFBC}") = "Tyuiu.PozhdinAA.Sprint2.Task3.V25.Lib", "Tyuiu.PozhdinAA.Sprint2.Task3.V25.Lib\Tyuiu.PozhdinAA.Sprint2.Task3.V25.Lib.csproj", "{1CD0C11A-BB59-41E6-8E72-371A042FE0B7}"
EndProject
Project("{FAE04EC0-301F-11D3-BF4B-00C04F79EFBC}") = "Tyuiu.PozhdinAA.Sprint2.Task3.V25.Test", "Tyuiu.PozhdinAA.Sprint2.Task3.V25.Test\Tyuiu.PozhdinAA.Sprint2.Task3.V25.Test.csproj", "{9BBF1E35-E625-493F-93AD-BB59EC3ADEF0}"
EndProject
Project("{2150E333-8FDC-42A3-9474-1A3956D46DE8}") = "Task4", "Task4", "{B3B2E63D-2BE9-4274-AD91-E468804EAA96}"
EndProject
Project("{FAE04EC0-301F-11D3-BF4B-00C04F79EFBC}") = "Tyuiu.PozhdinAA.Sprint2.Task4.V26", "Tyuiu.PozhdinAA.Sprint2.Task4.V26\Tyuiu.PozhdinAA.Sprint2.Task4.V26.csproj", "{1E712B6E-562A-4816-BDD2-29FFAC17D58A}"
EndProject
Project("{FAE04EC0-301F-11D3-BF4B-00C04F79EFBC}") = "Tyuiu.PozhdinAA.Sprint2.Task4.V26.Test", "Tyuiu.PozhdinAA.Sprint2.Task4.V26.Test\Tyuiu.PozhdinAA.Sprint2.Task4.V26.Test.csproj", "{93F8608D-840B-4CCF-BB33-624A48509BEB}"
EndProject
Project("{FAE04EC0-301F-11D3-BF4B-00C04F79EFBC}") = "Tyuiu.PozhdinAA.Sprint2.Task4.V26.Lib", "Tyuiu.PozhdinAA.Sprint2.Task4.V26.Lib\Tyuiu.PozhdinAA.Sprint2.Task4.V26.Lib.csproj", "{C840ACAF-5D62-4BAF-B61F-A88D8DEE25A0}"
EndProject
Global
	GlobalSection(SolutionConfigurationPlatforms) = preSolution
		Debug|Any CPU = Debug|Any CPU
		Release|Any CPU = Release|Any CPU
	EndGlobalSection
	GlobalSection(ProjectConfigurationPlatforms) = postSolution
		{0CF70062-677C-466F-9D4D-7643F625301F}.Debug|Any CPU.ActiveCfg = Debug|Any CPU
		{0CF70062-677C-466F-9D4D-7643F625301F}.Debug|Any CPU.Build.0 = Debug|Any CPU
		{0CF70062-677C-466F-9D4D-7643F625301F}.Release|Any CPU.ActiveCfg = Release|Any CPU
		{0CF70062-677C-466F-9D4D-7643F625301F}.Release|Any CPU.Build.0 = Release|Any CPU
		{7828F9A9-16DA-420E-B15A-F0C7664F6D3F}.Debug|Any CPU.ActiveCfg = Debug|Any CPU
		{7828F9A9-16DA-420E-B15A-F0C7664F6D3F}.Debug|Any CPU.Build.0 = Debug|Any CPU
		{7828F9A9-16DA-420E-B15A-F0C7664F6D3F}.Release|Any CPU.ActiveCfg = Release|Any CPU
		{7828F9A9-16DA-420E-B15A-F0C7664F6D3F}.Release|Any CPU.Build.0 = Release|Any CPU
		{9AB41965-F847-4200-84B4-F38E306C69B1}.Debug|Any CPU.ActiveCfg = Debug|Any CPU
		{9AB41965-F847-4200-84B4-F38E306C69B1}.Debug|Any CPU.Build.0 = Debug|Any CPU
		{9AB41965-F847-4200-84B4-F38E306C69B1}.Release|Any CPU.ActiveCfg = Release|Any CPU
		{9AB41965-F847-4200-84B4-F38E306C69B1}.Release|Any CPU.Build.0 = Release|Any CPU
		{146AB584-122E-44D2-816C-7CB1599B0DCE}.Debug|Any CPU.ActiveCfg = Debug|Any CPU
		{146AB584-122E-44D2-816C-7CB1599B0DCE}.Debug|Any CPU.Build.0 = Debug|Any CPU
		{146AB584-122E-44D2-816C-7CB1599B0DCE}.Release|Any CPU.ActiveCfg = Release|Any CPU
		{146AB584-122E-44D2-816C-7CB1599B0DCE}.Release|Any CPU.Build.0 = Release|Any CPU
		{ED1D6DEA-3E4C-4A4F-A551-9124292401D7}.Debug|Any CPU.ActiveCfg = Debug|Any CPU
		{ED1D6DEA-3E4C-4A4F-A551-9124292401D7}.Debug|Any CPU.Build.0 = Debug|Any CPU
		{ED1D6DEA-3E4C-4A4F-A551-9124292401D7}.Release|Any CPU.ActiveCfg = Release|Any CPU
		{ED1D6DEA-3E4C-4A4F-A551-9124292401D7}.Release|Any CPU.Build.0 = Release|Any CPU
		{1F31DE0C-322B-406B-9402-278269C6FBED}.Debug|Any CPU.ActiveCfg = Debug|Any CPU
		{1F31DE0C-322B-406B-9402-278269C6FBED}.Debug|Any CPU.Build.0 = Debug|Any CPU
		{1F31DE0C-322B-406B-9402-278269C6FBED}.Release|Any CPU.ActiveCfg = Release|Any CPU
		{1F31DE0C-322B-406B-9402-278269C6FBED}.Release|Any CPU.Build.0 = Release|Any CPU
		{2075E3F1-C59B-4ABD-9190-C4714BCD0682}.Debug|Any CPU.ActiveCfg = Debug|Any CPU
		{2075E3F1-C59B-4ABD-9190-C4714BCD0682}.Debug|Any CPU.Build.0 = Debug|Any CPU
		{2075E3F1-C59B-4ABD-9190-C4714BCD0682}.Release|Any CPU.ActiveCfg = Release|Any CPU
		{2075E3F1-C59B-4ABD-9190-C4714BCD0682}.Release|Any CPU.Build.0 = Release|Any CPU
		{B1F49D63-B9BF-44CA-9C9A-A663E3A161AD}.Debug|Any CPU.ActiveCfg = Debug|Any CPU
		{B1F49D63-B9BF-44CA-9C9A-A663E3A161AD}.Debug|Any CPU.Build.0 = Debug|Any CPU
		{B1F49D63-B9BF-44CA-9C9A-A663E3A161AD}.Release|Any CPU.ActiveCfg = Release|Any CPU
		{B1F49D63-B9BF-44CA-9C9A-A663E3A161AD}.Release|Any CPU.Build.0 = Release|Any CPU
		{7DED57BC-818A-4C7B-88A8-66DCAFEE268D}.Debug|Any CPU.ActiveCfg = Debug|Any CPU
		{7DED57BC-818A-4C7B-88A8-66DCAFEE268D}.Debug|Any CPU.Build.0 = Debug|Any CPU
		{7DED57BC-818A-4C7B-88A8-66DCAFEE268D}.Release|Any CPU.ActiveCfg = Release|Any CPU
		{7DED57BC-818A-4C7B-88A8-66DCAFEE268D}.Release|Any CPU.Build.0 = Release|Any CPU
		{4AA8EE4C-5489-42FA-975F-2D82B3A9B3E3}.Debug|Any CPU.ActiveCfg = Debug|Any CPU
		{4AA8EE4C-5489-42FA-975F-2D82B3A9B3E3}.Debug|Any CPU.Build.0 = Debug|Any CPU
		{4AA8EE4C-5489-42FA-975F-2D82B3A9B3E3}.Release|Any CPU.ActiveCfg = Release|Any CPU
		{4AA8EE4C-5489-42FA-975F-2D82B3A9B3E3}.Release|Any CPU.Build.0 = Release|Any CPU
		{1CD0C11A-BB59-41E6-8E72-371A042FE0B7}.Debug|Any CPU.ActiveCfg = Debug|Any CPU
		{1CD0C11A-BB59-41E6-8E72-371A042FE0B7}.Debug|Any CPU.Build.0 = Debug|Any CPU
		{1CD0C11A-BB59-41E6-8E72-371A042FE0B7}.Release|Any CPU.ActiveCfg = Release|Any CPU
		{1CD0C11A-BB59-41E6-8E72-371A042FE0B7}.Release|Any CPU.Build.0 = Release|Any CPU
		{9BBF1E35-E625-493F-93AD-BB59EC3ADEF0}.Debug|Any CPU.ActiveCfg = Debug|Any CPU
		{9BBF1E35-E625-493F-93AD-BB59EC3ADEF0}.Debug|Any CPU.Build.0 = Debug|Any CPU
		{9BBF1E35-E625-493F-93AD-BB59EC3ADEF0}.Release|Any CPU.ActiveCfg = Release|Any CPU
		{9BBF1E35-E625-493F-93AD-BB59EC3ADEF0}.Release|Any CPU.Build.0 = Release|Any CPU
		{1E712B6E-562A-4816-BDD2-29FFAC17D58A}.Debug|Any CPU.ActiveCfg = Debug|Any CPU
		{1E712B6E-562A-4816-BDD2-29FFAC17D58A}.Debug|Any CPU.Build.0 = Debug|Any CPU
		{1E712B6E-562A-4816-BDD2-29FFAC17D58A}.Release|Any CPU.ActiveCfg = Release|Any CPU
		{1E712B6E-562A-4816-BDD2-29FFAC17D58A}.Release|Any CPU.Build.0 = Release|Any CPU
		{93F8608D-840B-4CCF-BB33-624A48509BEB}.Debug|Any CPU.ActiveCfg = Debug|Any CPU
		{93F8608D-840B-4CCF-BB33-624A48509BEB}.Debug|Any CPU.Build.0 = Debug|Any CPU
		{93F8608D-840B-4CCF-BB33-624A48509BEB}.Release|Any CPU.ActiveCfg = Release|Any CPU
		{93F8608D-840B-4CCF-BB33-624A48509BEB}.Release|Any CPU.Build.0 = Release|Any CPU
		{C840ACAF-5D62-4BAF-B61F-A88D8DEE25A0}.Debug|Any CPU.ActiveCfg = Debug|Any CPU
		{C840ACAF-5D62-4BAF-B61F-A88D8DEE25A0}.Debug|Any CPU.Build.0 = Debug|Any CPU
		{C840ACAF-5D62-4BAF-B61F-A88D8DEE25A0}.Release|Any CPU.ActiveCfg = Release|Any CPU
		{C840ACAF-5D62-4BAF-B61F-A88D8DEE25A0}.Release|Any CPU.Build.0 = Release|Any CPU
	EndGlobalSection
	GlobalSection(SolutionProperties) = preSolution
		HideSolutionNode = FALSE
	EndGlobalSection
	GlobalSection(NestedProjects) = preSolution
		{0CF70062-677C-466F-9D4D-7643F625301F} = {A2162FA1-75C9-499B-AF64-004E911647DF}
		{7828F9A9-16DA-420E-B15A-F0C7664F6D3F} = {A2162FA1-75C9-499B-AF64-004E911647DF}
		{9AB41965-F847-4200-84B4-F38E306C69B1} = {A2162FA1-75C9-499B-AF64-004E911647DF}
		{146AB584-122E-44D2-816C-7CB1599B0DCE} = {E871E617-4F0A-443B-98C1-BCE0037CFC07}
		{ED1D6DEA-3E4C-4A4F-A551-9124292401D7} = {E871E617-4F0A-443B-98C1-BCE0037CFC07}
		{1F31DE0C-322B-406B-9402-278269C6FBED} = {E871E617-4F0A-443B-98C1-BCE0037CFC07}
		{2075E3F1-C59B-4ABD-9190-C4714BCD0682} = {B669FC0C-ECD1-41C6-BBF8-956125E4A85A}
		{B1F49D63-B9BF-44CA-9C9A-A663E3A161AD} = {B669FC0C-ECD1-41C6-BBF8-956125E4A85A}
		{7DED57BC-818A-4C7B-88A8-66DCAFEE268D} = {B669FC0C-ECD1-41C6-BBF8-956125E4A85A}
		{4AA8EE4C-5489-42FA-975F-2D82B3A9B3E3} = {08D59403-58F0-4CED-AD41-F7C0856B5CAF}
		{1CD0C11A-BB59-41E6-8E72-371A042FE0B7} = {08D59403-58F0-4CED-AD41-F7C0856B5CAF}
		{9BBF1E35-E625-493F-93AD-BB59EC3ADEF0} = {08D59403-58F0-4CED-AD41-F7C0856B5CAF}
		{1E712B6E-562A-4816-BDD2-29FFAC17D58A} = {B3B2E63D-2BE9-4274-AD91-E468804EAA96}
		{93F8608D-840B-4CCF-BB33-624A48509BEB} = {B3B2E63D-2BE9-4274-AD91-E468804EAA96}
		{C840ACAF-5D62-4BAF-B61F-A88D8DEE25A0} = {B3B2E63D-2BE9-4274-AD91-E468804EAA96}
	EndGlobalSection
	GlobalSection(ExtensibilityGlobals) = postSolution
		SolutionGuid = {13841553-778F-4717-9C69-D0057A801308}
	EndGlobalSection
EndGlobal
